<?xml version="1.0" encoding="utf-8"?>
<Project ToolsVersion="4.0" xmlns="http://schemas.microsoft.com/developer/msbuild/2003">
  <ItemGroup>
    <ClCompile Include="..\source\AST.cpp">
      <Filter>Resource Files</Filter>
    </ClCompile>
    <ClCompile Include="..\source\VarTable.cpp">
      <Filter>Resource Files</Filter>
    </ClCompile>
    <ClCompile Include="..\source\CallTable.cpp">
      <Filter>Resource Files</Filter>
    </ClCompile>
    <ClCompile Include="..\source\ConstTable.cpp">
      <Filter>Resource Files</Filter>
    </ClCompile>
    <ClCompile Include="..\source\DesignExtractor.cpp">
      <Filter>Resource Files</Filter>
    </ClCompile>
    <ClCompile Include="..\source\Follow.cpp">
      <Filter>Resource Files</Filter>
    </ClCompile>
    <ClCompile Include="..\source\ModifyTable.cpp">
      <Filter>Resource Files</Filter>
    </ClCompile>
    <ClCompile Include="..\source\ParentTable.cpp">
      <Filter>Resource Files</Filter>
    </ClCompile>
    <ClCompile Include="..\source\Parser.cpp">
      <Filter>Resource Files</Filter>
    </ClCompile>
    <ClCompile Include="..\source\PKB.cpp">
      <Filter>Resource Files</Filter>
    </ClCompile>
    <ClCompile Include="..\source\ProcTable.cpp">
      <Filter>Resource Files</Filter>
    </ClCompile>
    <ClCompile Include="..\source\QueryEvaluator.cpp">
      <Filter>Resource Files</Filter>
    </ClCompile>
    <ClCompile Include="..\source\QueryPreprocessor.cpp">
      <Filter>Resource Files</Filter>
    </ClCompile>
    <ClCompile Include="..\source\QueryProcessor.cpp">
      <Filter>Resource Files</Filter>
    </ClCompile>
    <ClCompile Include="..\source\QueryRepresentator.cpp">
      <Filter>Resource Files</Filter>
    </ClCompile>
    <ClCompile Include="..\source\QueryTree.cpp">
      <Filter>Resource Files</Filter>
    </ClCompile>
    <ClCompile Include="..\source\StatTable.cpp">
      <Filter>Resource Files</Filter>
    </ClCompile>
    <ClCompile Include="..\source\SymbolTable.cpp">
      <Filter>Resource Files</Filter>
    </ClCompile>
    <ClCompile Include="..\source\SyntaxHelper.cpp">
      <Filter>Resource Files</Filter>
    </ClCompile>
    <ClCompile Include="..\source\TNode.cpp">
      <Filter>Resource Files</Filter>
    </ClCompile>
    <ClCompile Include="..\source\Tree.cpp">
      <Filter>Resource Files</Filter>
    </ClCompile>
    <ClCompile Include="..\source\UseTable.cpp">
      <Filter>Resource Files</Filter>
    </ClCompile>
  </ItemGroup>
  <ItemGroup>
    <ClInclude Include="..\source\AST.h">
      <Filter>Header Files</Filter>
    </ClInclude>
    <ClInclude Include="..\source\CallTable.h">
      <Filter>Header Files</Filter>
    </ClInclude>
    <ClInclude Include="..\source\ConstTable.h">
      <Filter>Header Files</Filter>
    </ClInclude>
    <ClInclude Include="..\source\Follow.h">
      <Filter>Header Files</Filter>
    </ClInclude>
    <ClInclude Include="..\source\ModifyTable.h">
      <Filter>Header Files</Filter>
    </ClInclude>
    <ClInclude Include="..\source\ParentTable.h">
      <Filter>Header Files</Filter>
    </ClInclude>
    <ClInclude Include="..\source\Parser.h">
      <Filter>Header Files</Filter>
    </ClInclude>
    <ClInclude Include="..\source\PKB.h">
      <Filter>Header Files</Filter>
    </ClInclude>
    <ClInclude Include="..\source\ProcTable.h">
      <Filter>Header Files</Filter>
    </ClInclude>
    <ClInclude Include="..\source\QueryEvaluator.h">
      <Filter>Header Files</Filter>
    </ClInclude>
    <ClInclude Include="..\source\QueryPreprocessor.h">
      <Filter>Header Files</Filter>
    </ClInclude>
    <ClInclude Include="..\source\QueryProcessor.h">
      <Filter>Header Files</Filter>
    </ClInclude>
    <ClInclude Include="..\source\QueryRepresentator.h">
      <Filter>Header Files</Filter>
    </ClInclude>
    <ClInclude Include="..\source\QueryTree.h">
      <Filter>Header Files</Filter>
    </ClInclude>
    <ClInclude Include="..\source\StatTable.h">
      <Filter>Header Files</Filter>
    </ClInclude>
    <ClInclude Include="..\source\SymbolTable.h">
      <Filter>Header Files</Filter>
    </ClInclude>
    <ClInclude Include="..\source\SyntaxHelper.h">
      <Filter>Header Files</Filter>
    </ClInclude>
    <ClInclude Include="..\source\TNode.h">
      <Filter>Header Files</Filter>
    </ClInclude>
    <ClInclude Include="..\source\Tree.h">
      <Filter>Header Files</Filter>
    </ClInclude>
    <ClInclude Include="..\source\UseTable.h">
      <Filter>Header Files</Filter>
    </ClInclude>
    <ClInclude Include="..\source\VarTable.h">
      <Filter>Header Files</Filter>
    </ClInclude>
  </ItemGroup>
  <ItemGroup>
    <Filter Include="Header Files">
      <UniqueIdentifier>{ed98111e-f276-496b-a7be-603948e78071}</UniqueIdentifier>
    </Filter>
    <Filter Include="Resource Files">
      <UniqueIdentifier>{ec6b7a47-ac10-4e27-bae2-7f35203a3165}</UniqueIdentifier>
    </Filter>
  </ItemGroup>
</Project>