<?xml version="1.0" encoding="utf-8"?>
<Project ToolsVersion="4.0" xmlns="http://schemas.microsoft.com/developer/msbuild/2003">
  <ItemGroup>
    <ClCompile Include="..\source\AST.cpp" />
    <ClCompile Include="..\source\CallTable.cpp" />
    <ClCompile Include="..\source\ConstTable.cpp" />
    <ClCompile Include="..\source\Follow.cpp" />
    <ClCompile Include="..\source\Main.cpp" />
    <ClCompile Include="..\source\ModifyTable.cpp" />
    <ClCompile Include="..\source\ParentTable.cpp" />
    <ClCompile Include="..\source\Parser.cpp" />
    <ClCompile Include="..\source\PKB.cpp" />
    <ClCompile Include="..\source\QueryEvaluator.cpp" />
    <ClCompile Include="..\source\QueryPreprocessor.cpp" />
    <ClCompile Include="..\source\QueryProcessor.cpp" />
    <ClCompile Include="..\source\QueryRepresentator.cpp" />
    <ClCompile Include="..\source\QueryTree.cpp" />
    <ClCompile Include="..\source\StatTable.cpp" />
    <ClCompile Include="..\source\SymbolTable.cpp" />
    <ClCompile Include="..\source\SyntaxHelper.cpp" />
    <ClCompile Include="..\source\TNode.cpp" />
    <ClCompile Include="..\source\Tree.cpp" />
    <ClCompile Include="..\source\UseTable.cpp" />
    <ClCompile Include="..\source\VarTable.cpp" />
    <ClCompile Include="ProcTable.cpp" />
  </ItemGroup>
  <ItemGroup>
    <ClInclude Include="..\source\AST.h" />
    <ClInclude Include="..\source\CallTable.h" />
    <ClInclude Include="..\source\Constants.h" />
    <ClInclude Include="..\source\ConstTable.h" />
    <ClInclude Include="..\source\Follow.h" />
    <ClInclude Include="..\source\ModifyTable.h" />
    <ClInclude Include="..\source\ParentTable.h" />
    <ClInclude Include="..\source\Parser.h" />
    <ClInclude Include="..\source\PKB.h" />
    <ClInclude Include="..\source\QueryEvaluator.h" />
    <ClInclude Include="..\source\QueryPreprocessor.h" />
    <ClInclude Include="..\source\QueryProcessor.h" />
    <ClInclude Include="..\source\QueryRepresentator.h" />
    <ClInclude Include="..\source\QueryTree.h" />
    <ClInclude Include="..\source\resource.h" />
    <ClInclude Include="..\source\StatTable.h" />
    <ClInclude Include="..\source\SymbolTable.h" />
    <ClInclude Include="..\source\SyntaxHelper.h" />
    <ClInclude Include="..\source\targetver.h" />
    <ClInclude Include="..\source\TNode.h" />
    <ClInclude Include="..\source\Tree.h" />
    <ClInclude Include="..\source\UseTable.h" />
    <ClInclude Include="..\source\VarTable.h" />
    <ClInclude Include="ProcTable.h" />
  </ItemGroup>
</Project>